
Microsoft Visual Studio Solution File, Format Version 12.00
# Visual Studio Version 17
VisualStudioVersion = 17.2.32616.157
MinimumVisualStudioVersion = 10.0.40219.1
Project("{8BC9CEB8-8B4A-11D0-8D11-00A0C91BC942}") = "Automata2", "Automata2\Automata2.vcxproj", "{E9DFB1C7-F454-47E6-AD7A-407EBCCEDF35}"
EndProject
Global
	GlobalSection(SolutionConfigurationPlatforms) = preSolution
		Debug|x64 = Debug|x64
		Debug|x86 = Debug|x86
		Release|x64 = Release|x64
		Release|x86 = Release|x86
	EndGlobalSection
	GlobalSection(ProjectConfigurationPlatforms) = postSolution
		{E9DFB1C7-F454-47E6-AD7A-407EBCCEDF35}.Debug|x64.ActiveCfg = Debug|x64
		{E9DFB1C7-F454-47E6-AD7A-407EBCCEDF35}.Debug|x64.Build.0 = Debug|x64
		{E9DFB1C7-F454-47E6-AD7A-407EBCCEDF35}.Debug|x86.ActiveCfg = Debug|Win32
		{E9DFB1C7-F454-47E6-AD7A-407EBCCEDF35}.Debug|x86.Build.0 = Debug|Win32
		{E9DFB1C7-F454-47E6-AD7A-407EBCCEDF35}.Release|x64.ActiveCfg = Release|x64
		{E9DFB1C7-F454-47E6-AD7A-407EBCCEDF35}.Release|x64.Build.0 = Release|x64
		{E9DFB1C7-F454-47E6-AD7A-407EBCCEDF35}.Release|x86.ActiveCfg = Release|Win32
		{E9DFB1C7-F454-47E6-AD7A-407EBCCEDF35}.Release|x86.Build.0 = Release|Win32
	EndGlobalSection
	GlobalSection(SolutionProperties) = preSolution
		HideSolutionNode = FALSE
	EndGlobalSection
	GlobalSection(ExtensibilityGlobals) = postSolution
		SolutionGuid = {51DC061A-7D24-48EF-A070-173FDD408BBA}
	EndGlobalSection
EndGlobal
